
Microsoft Visual Studio Solution File, Format Version 12.00
# Visual Studio 15
VisualStudioVersion = 15.0.27428.2005
MinimumVisualStudioVersion = 10.0.40219.1
Project("{FAE04EC0-301F-11D3-BF4B-00C04F79EFBC}") = "2017_2VS", "2017_2VS\2017_2VS.csproj", "{8AE27B19-74F1-4D51-8768-A75DF20BB3A4}"
EndProject
Global
	GlobalSection(SolutionConfigurationPlatforms) = preSolution
		Debug|Any CPU = Debug|Any CPU
		Release|Any CPU = Release|Any CPU
	EndGlobalSection
	GlobalSection(ProjectConfigurationPlatforms) = postSolution
		{8AE27B19-74F1-4D51-8768-A75DF20BB3A4}.Debug|Any CPU.ActiveCfg = Debug|Any CPU
		{8AE27B19-74F1-4D51-8768-A75DF20BB3A4}.Debug|Any CPU.Build.0 = Debug|Any CPU
		{8AE27B19-74F1-4D51-8768-A75DF20BB3A4}.Release|Any CPU.ActiveCfg = Release|Any CPU
		{8AE27B19-74F1-4D51-8768-A75DF20BB3A4}.Release|Any CPU.Build.0 = Release|Any CPU
	EndGlobalSection
	GlobalSection(SolutionProperties) = preSolution
		HideSolutionNode = FALSE
	EndGlobalSection
	GlobalSection(ExtensibilityGlobals) = postSolution
		SolutionGuid = {E0988018-C746-442D-8F7D-0A734590C2E7}
	EndGlobalSection
EndGlobal
