
Microsoft Visual Studio Solution File, Format Version 12.00
# Visual Studio 15
VisualStudioVersion = 15.0.27004.2009
MinimumVisualStudioVersion = 10.0.40219.1
Project("{FAE04EC0-301F-11D3-BF4B-00C04F79EFBC}") = "ejemploClase060418", "ejemploClase060418\ejemploClase060418.csproj", "{6FE8F44F-D923-41F2-81AB-E8870C7A3D10}"
EndProject
Global
	GlobalSection(SolutionConfigurationPlatforms) = preSolution
		Debug|Any CPU = Debug|Any CPU
		Release|Any CPU = Release|Any CPU
	EndGlobalSection
	GlobalSection(ProjectConfigurationPlatforms) = postSolution
		{6FE8F44F-D923-41F2-81AB-E8870C7A3D10}.Debug|Any CPU.ActiveCfg = Debug|Any CPU
		{6FE8F44F-D923-41F2-81AB-E8870C7A3D10}.Debug|Any CPU.Build.0 = Debug|Any CPU
		{6FE8F44F-D923-41F2-81AB-E8870C7A3D10}.Release|Any CPU.ActiveCfg = Release|Any CPU
		{6FE8F44F-D923-41F2-81AB-E8870C7A3D10}.Release|Any CPU.Build.0 = Release|Any CPU
	EndGlobalSection
	GlobalSection(SolutionProperties) = preSolution
		HideSolutionNode = FALSE
	EndGlobalSection
	GlobalSection(ExtensibilityGlobals) = postSolution
		SolutionGuid = {5692B981-C63B-4BD5-80CE-A6C27AFB7AD2}
	EndGlobalSection
EndGlobal
