
Microsoft Visual Studio Solution File, Format Version 12.00
# Visual Studio 15
VisualStudioVersion = 15.0.26228.4
MinimumVisualStudioVersion = 10.0.40219.1
Project("{FAE04EC0-301F-11D3-BF4B-00C04F79EFBC}") = "Vista", "Vista\Vista.csproj", "{D1D8F46B-3FDD-4702-9226-A5A54CEC76CE}"
EndProject
Project("{FAE04EC0-301F-11D3-BF4B-00C04F79EFBC}") = "Modelo", "Modelo\Modelo.csproj", "{73845814-FB28-440F-B171-C76030D216BB}"
EndProject
Project("{FAE04EC0-301F-11D3-BF4B-00C04F79EFBC}") = "Controlador", "Controlador\Controlador.csproj", "{F2913F36-6FEC-484D-98E9-E05E1A6DB580}"
EndProject
Project("{FAE04EC0-301F-11D3-BF4B-00C04F79EFBC}") = "AccesoDatos", "AccesoDatos\AccesoDatos.csproj", "{D9274DCE-FEF5-4A7B-B833-B230D0AA487C}"
EndProject
Global
	GlobalSection(SolutionConfigurationPlatforms) = preSolution
		Debug|Any CPU = Debug|Any CPU
		Release|Any CPU = Release|Any CPU
	EndGlobalSection
	GlobalSection(ProjectConfigurationPlatforms) = postSolution
		{D1D8F46B-3FDD-4702-9226-A5A54CEC76CE}.Debug|Any CPU.ActiveCfg = Debug|Any CPU
		{D1D8F46B-3FDD-4702-9226-A5A54CEC76CE}.Debug|Any CPU.Build.0 = Debug|Any CPU
		{D1D8F46B-3FDD-4702-9226-A5A54CEC76CE}.Release|Any CPU.ActiveCfg = Release|Any CPU
		{D1D8F46B-3FDD-4702-9226-A5A54CEC76CE}.Release|Any CPU.Build.0 = Release|Any CPU
		{73845814-FB28-440F-B171-C76030D216BB}.Debug|Any CPU.ActiveCfg = Debug|Any CPU
		{73845814-FB28-440F-B171-C76030D216BB}.Debug|Any CPU.Build.0 = Debug|Any CPU
		{73845814-FB28-440F-B171-C76030D216BB}.Release|Any CPU.ActiveCfg = Release|Any CPU
		{73845814-FB28-440F-B171-C76030D216BB}.Release|Any CPU.Build.0 = Release|Any CPU
		{F2913F36-6FEC-484D-98E9-E05E1A6DB580}.Debug|Any CPU.ActiveCfg = Debug|Any CPU
		{F2913F36-6FEC-484D-98E9-E05E1A6DB580}.Debug|Any CPU.Build.0 = Debug|Any CPU
		{F2913F36-6FEC-484D-98E9-E05E1A6DB580}.Release|Any CPU.ActiveCfg = Release|Any CPU
		{F2913F36-6FEC-484D-98E9-E05E1A6DB580}.Release|Any CPU.Build.0 = Release|Any CPU
		{D9274DCE-FEF5-4A7B-B833-B230D0AA487C}.Debug|Any CPU.ActiveCfg = Debug|Any CPU
		{D9274DCE-FEF5-4A7B-B833-B230D0AA487C}.Debug|Any CPU.Build.0 = Debug|Any CPU
		{D9274DCE-FEF5-4A7B-B833-B230D0AA487C}.Release|Any CPU.ActiveCfg = Release|Any CPU
		{D9274DCE-FEF5-4A7B-B833-B230D0AA487C}.Release|Any CPU.Build.0 = Release|Any CPU
	EndGlobalSection
	GlobalSection(SolutionProperties) = preSolution
		HideSolutionNode = FALSE
	EndGlobalSection
	GlobalSection(ExtensibilityGlobals) = postSolution
		SolutionGuid = {C43415C0-5443-4CCC-AF34-310C9883DC2B}
	EndGlobalSection
EndGlobal
